
Microsoft Visual Studio Solution File, Format Version 12.00
# Visual Studio Version 17
VisualStudioVersion = 17.0.31903.59
MinimumVisualStudioVersion = 10.0.40219.1
Project("{9A19103F-16F7-4668-BE54-9A1E7A4F7556}") = "InheretanceAndAbstraction", "InheretanceAndAbstraction\InheretanceAndAbstraction.csproj", "{29201267-8AB2-487A-BF89-FDF4816181A4}"
EndProject
Project("{9A19103F-16F7-4668-BE54-9A1E7A4F7556}") = "Library", "Library\Library.csproj", "{4DA1C5C6-A5D5-4FA3-B001-66CAD5B5B4C7}"
EndProject
Project("{9A19103F-16F7-4668-BE54-9A1E7A4F7556}") = "leet code 73", "leet code\leet code 73.csproj", "{312551EC-4731-487D-9228-69C1623403FF}"
EndProject
Project("{9A19103F-16F7-4668-BE54-9A1E7A4F7556}") = "leet code 1909", "leet code 1909\leet code 1909.csproj", "{421F4C5B-940D-483E-96C9-9127A703C869}"
EndProject
Project("{9A19103F-16F7-4668-BE54-9A1E7A4F7556}") = "X_O_Game", "X_O_Game\X_O_Game.csproj", "{37BB0201-6E7F-4D57-8FA0-CB06B42D4E2E}"
EndProject
Project("{9A19103F-16F7-4668-BE54-9A1E7A4F7556}") = "Calculator", "CalculatorNew\Calculator.csproj", "{4DE9C677-38BE-4066-B0FB-BCB6F0ECBE40}"
EndProject
Project("{9A19103F-16F7-4668-BE54-9A1E7A4F7556}") = "Hospital", "Hospital\Hospital.csproj", "{F433DD19-3340-4D44-AB88-09994D3FA33B}"
EndProject
Project("{2150E333-8FDC-42A3-9474-1A3956D46DE8}") = "uyga vazifa 19.12.23", "uyga vazifa 19.12.23", "{6D2F036D-C5AE-42DC-9F8A-431A0C326BB6}"
EndProject
Project("{2150E333-8FDC-42A3-9474-1A3956D46DE8}") = "uyga vazifa 21.12.23", "uyga vazifa 21.12.23", "{6EF450B8-D624-4620-8867-FCFFBC20A7F7}"
EndProject
Project("{FAE04EC0-301F-11D3-BF4B-00C04F79EFBC}") = "Leetcode 232", "Leetcode 232\Leetcode 232.csproj", "{C291B0BD-5243-4FA3-A8BE-7D529415060C}"
EndProject
Project("{FAE04EC0-301F-11D3-BF4B-00C04F79EFBC}") = "Leetcode 225", "Leetcod 225\Leetcode 225.csproj", "{5CE35DDB-9E26-4C25-BAAD-7980CC3DFBF5}"
EndProject
Project("{FAE04EC0-301F-11D3-BF4B-00C04F79EFBC}") = "Leet code 1381", "Leet code 1381\Leet code 1381.csproj", "{E6ABDEC3-BAE3-4B52-8C39-1D43EF4389C9}"
EndProject
Project("{FAE04EC0-301F-11D3-BF4B-00C04F79EFBC}") = "Leer code 707", "ConsoleApp2\Leer code 707.csproj", "{E5B86ECC-56A3-455E-BAC3-A3948399C4FD}"
EndProject
Global
	GlobalSection(SolutionConfigurationPlatforms) = preSolution
		Debug|Any CPU = Debug|Any CPU
		Release|Any CPU = Release|Any CPU
	EndGlobalSection
	GlobalSection(ProjectConfigurationPlatforms) = postSolution
		{29201267-8AB2-487A-BF89-FDF4816181A4}.Debug|Any CPU.ActiveCfg = Debug|Any CPU
		{29201267-8AB2-487A-BF89-FDF4816181A4}.Debug|Any CPU.Build.0 = Debug|Any CPU
		{29201267-8AB2-487A-BF89-FDF4816181A4}.Release|Any CPU.ActiveCfg = Release|Any CPU
		{29201267-8AB2-487A-BF89-FDF4816181A4}.Release|Any CPU.Build.0 = Release|Any CPU
		{4DA1C5C6-A5D5-4FA3-B001-66CAD5B5B4C7}.Debug|Any CPU.ActiveCfg = Debug|Any CPU
		{4DA1C5C6-A5D5-4FA3-B001-66CAD5B5B4C7}.Debug|Any CPU.Build.0 = Debug|Any CPU
		{4DA1C5C6-A5D5-4FA3-B001-66CAD5B5B4C7}.Release|Any CPU.ActiveCfg = Release|Any CPU
		{4DA1C5C6-A5D5-4FA3-B001-66CAD5B5B4C7}.Release|Any CPU.Build.0 = Release|Any CPU
		{312551EC-4731-487D-9228-69C1623403FF}.Debug|Any CPU.ActiveCfg = Debug|Any CPU
		{312551EC-4731-487D-9228-69C1623403FF}.Debug|Any CPU.Build.0 = Debug|Any CPU
		{312551EC-4731-487D-9228-69C1623403FF}.Release|Any CPU.ActiveCfg = Release|Any CPU
		{312551EC-4731-487D-9228-69C1623403FF}.Release|Any CPU.Build.0 = Release|Any CPU
		{421F4C5B-940D-483E-96C9-9127A703C869}.Debug|Any CPU.ActiveCfg = Debug|Any CPU
		{421F4C5B-940D-483E-96C9-9127A703C869}.Debug|Any CPU.Build.0 = Debug|Any CPU
		{421F4C5B-940D-483E-96C9-9127A703C869}.Release|Any CPU.ActiveCfg = Release|Any CPU
		{421F4C5B-940D-483E-96C9-9127A703C869}.Release|Any CPU.Build.0 = Release|Any CPU
		{37BB0201-6E7F-4D57-8FA0-CB06B42D4E2E}.Debug|Any CPU.ActiveCfg = Debug|Any CPU
		{37BB0201-6E7F-4D57-8FA0-CB06B42D4E2E}.Debug|Any CPU.Build.0 = Debug|Any CPU
		{37BB0201-6E7F-4D57-8FA0-CB06B42D4E2E}.Release|Any CPU.ActiveCfg = Release|Any CPU
		{37BB0201-6E7F-4D57-8FA0-CB06B42D4E2E}.Release|Any CPU.Build.0 = Release|Any CPU
		{4DE9C677-38BE-4066-B0FB-BCB6F0ECBE40}.Debug|Any CPU.ActiveCfg = Debug|Any CPU
		{4DE9C677-38BE-4066-B0FB-BCB6F0ECBE40}.Debug|Any CPU.Build.0 = Debug|Any CPU
		{4DE9C677-38BE-4066-B0FB-BCB6F0ECBE40}.Release|Any CPU.ActiveCfg = Release|Any CPU
		{4DE9C677-38BE-4066-B0FB-BCB6F0ECBE40}.Release|Any CPU.Build.0 = Release|Any CPU
		{F433DD19-3340-4D44-AB88-09994D3FA33B}.Debug|Any CPU.ActiveCfg = Debug|Any CPU
		{F433DD19-3340-4D44-AB88-09994D3FA33B}.Debug|Any CPU.Build.0 = Debug|Any CPU
		{F433DD19-3340-4D44-AB88-09994D3FA33B}.Release|Any CPU.ActiveCfg = Release|Any CPU
		{F433DD19-3340-4D44-AB88-09994D3FA33B}.Release|Any CPU.Build.0 = Release|Any CPU
		{C291B0BD-5243-4FA3-A8BE-7D529415060C}.Debug|Any CPU.ActiveCfg = Debug|Any CPU
		{C291B0BD-5243-4FA3-A8BE-7D529415060C}.Debug|Any CPU.Build.0 = Debug|Any CPU
		{C291B0BD-5243-4FA3-A8BE-7D529415060C}.Release|Any CPU.ActiveCfg = Release|Any CPU
		{C291B0BD-5243-4FA3-A8BE-7D529415060C}.Release|Any CPU.Build.0 = Release|Any CPU
		{5CE35DDB-9E26-4C25-BAAD-7980CC3DFBF5}.Debug|Any CPU.ActiveCfg = Debug|Any CPU
		{5CE35DDB-9E26-4C25-BAAD-7980CC3DFBF5}.Debug|Any CPU.Build.0 = Debug|Any CPU
		{5CE35DDB-9E26-4C25-BAAD-7980CC3DFBF5}.Release|Any CPU.ActiveCfg = Release|Any CPU
		{5CE35DDB-9E26-4C25-BAAD-7980CC3DFBF5}.Release|Any CPU.Build.0 = Release|Any CPU
		{E6ABDEC3-BAE3-4B52-8C39-1D43EF4389C9}.Debug|Any CPU.ActiveCfg = Debug|Any CPU
		{E6ABDEC3-BAE3-4B52-8C39-1D43EF4389C9}.Debug|Any CPU.Build.0 = Debug|Any CPU
		{E6ABDEC3-BAE3-4B52-8C39-1D43EF4389C9}.Release|Any CPU.ActiveCfg = Release|Any CPU
		{E6ABDEC3-BAE3-4B52-8C39-1D43EF4389C9}.Release|Any CPU.Build.0 = Release|Any CPU
		{E5B86ECC-56A3-455E-BAC3-A3948399C4FD}.Debug|Any CPU.ActiveCfg = Debug|Any CPU
		{E5B86ECC-56A3-455E-BAC3-A3948399C4FD}.Debug|Any CPU.Build.0 = Debug|Any CPU
		{E5B86ECC-56A3-455E-BAC3-A3948399C4FD}.Release|Any CPU.ActiveCfg = Release|Any CPU
		{E5B86ECC-56A3-455E-BAC3-A3948399C4FD}.Release|Any CPU.Build.0 = Release|Any CPU
	EndGlobalSection
	GlobalSection(SolutionProperties) = preSolution
		HideSolutionNode = FALSE
	EndGlobalSection
	GlobalSection(NestedProjects) = preSolution
		{4DE9C677-38BE-4066-B0FB-BCB6F0ECBE40} = {6D2F036D-C5AE-42DC-9F8A-431A0C326BB6}
		{F433DD19-3340-4D44-AB88-09994D3FA33B} = {6D2F036D-C5AE-42DC-9F8A-431A0C326BB6}
		{C291B0BD-5243-4FA3-A8BE-7D529415060C} = {6EF450B8-D624-4620-8867-FCFFBC20A7F7}
		{5CE35DDB-9E26-4C25-BAAD-7980CC3DFBF5} = {6EF450B8-D624-4620-8867-FCFFBC20A7F7}
		{E6ABDEC3-BAE3-4B52-8C39-1D43EF4389C9} = {6EF450B8-D624-4620-8867-FCFFBC20A7F7}
		{E5B86ECC-56A3-455E-BAC3-A3948399C4FD} = {6EF450B8-D624-4620-8867-FCFFBC20A7F7}
	EndGlobalSection
	GlobalSection(ExtensibilityGlobals) = postSolution
		SolutionGuid = {4440FDFE-542D-46AA-850A-BFCDFB79AF6B}
	EndGlobalSection
EndGlobal
